
Microsoft Visual Studio Solution File, Format Version 12.00
# Visual Studio Version 16
VisualStudioVersion = 16.0.30907.101
MinimumVisualStudioVersion = 10.0.40219.1
Project("{F184B08F-C81C-45F6-A57F-5ABD9991F28F}") = "Floating Point Math CBH", "Floating Point Math CBH.vbproj", "{14EC8D2E-FB2C-4C95-8C07-DE3EF0BA5A11}"
EndProject
Global
	GlobalSection(SolutionConfigurationPlatforms) = preSolution
		Debug|Any CPU = Debug|Any CPU
		Release|Any CPU = Release|Any CPU
	EndGlobalSection
	GlobalSection(ProjectConfigurationPlatforms) = postSolution
		{14EC8D2E-FB2C-4C95-8C07-DE3EF0BA5A11}.Debug|Any CPU.ActiveCfg = Debug|Any CPU
		{14EC8D2E-FB2C-4C95-8C07-DE3EF0BA5A11}.Debug|Any CPU.Build.0 = Debug|Any CPU
		{14EC8D2E-FB2C-4C95-8C07-DE3EF0BA5A11}.Release|Any CPU.ActiveCfg = Release|Any CPU
		{14EC8D2E-FB2C-4C95-8C07-DE3EF0BA5A11}.Release|Any CPU.Build.0 = Release|Any CPU
	EndGlobalSection
	GlobalSection(SolutionProperties) = preSolution
		HideSolutionNode = FALSE
	EndGlobalSection
	GlobalSection(ExtensibilityGlobals) = postSolution
		SolutionGuid = {4109E4A9-8327-40B5-8B0E-45D9AE987E24}
	EndGlobalSection
EndGlobal
